
Microsoft Visual Studio Solution File, Format Version 12.00
# Visual Studio Version 17
VisualStudioVersion = 17.4.33205.214
MinimumVisualStudioVersion = 10.0.40219.1
Project("{FAE04EC0-301F-11D3-BF4B-00C04F79EFBC}") = "Authentication", "Authentication\Authentication.csproj", "{47000206-883C-4455-95F0-AD1F56F275EB}"
EndProject
Global
	GlobalSection(SolutionConfigurationPlatforms) = preSolution
		Debug|Any CPU = Debug|Any CPU
		Release|Any CPU = Release|Any CPU
	EndGlobalSection
	GlobalSection(ProjectConfigurationPlatforms) = postSolution
		{47000206-883C-4455-95F0-AD1F56F275EB}.Debug|Any CPU.ActiveCfg = Debug|Any CPU
		{47000206-883C-4455-95F0-AD1F56F275EB}.Debug|Any CPU.Build.0 = Debug|Any CPU
		{47000206-883C-4455-95F0-AD1F56F275EB}.Release|Any CPU.ActiveCfg = Release|Any CPU
		{47000206-883C-4455-95F0-AD1F56F275EB}.Release|Any CPU.Build.0 = Release|Any CPU
	EndGlobalSection
	GlobalSection(SolutionProperties) = preSolution
		HideSolutionNode = FALSE
	EndGlobalSection
	GlobalSection(ExtensibilityGlobals) = postSolution
		SolutionGuid = {6F724012-FDD0-4348-B802-A111F8A8011E}
	EndGlobalSection
EndGlobal
